
Microsoft Visual Studio Solution File, Format Version 12.00
# Visual Studio 15
VisualStudioVersion = 15.0.27703.2035
MinimumVisualStudioVersion = 10.0.40219.1
Project("{FAE04EC0-301F-11D3-BF4B-00C04F79EFBC}") = "WebApplication61", "WebApplication61\WebApplication61.csproj", "{9E0BC6AF-6AB3-4482-85F7-3A0CEDBBED1A}"
EndProject
Global
	GlobalSection(SolutionConfigurationPlatforms) = preSolution
		Debug|Any CPU = Debug|Any CPU
		Release|Any CPU = Release|Any CPU
	EndGlobalSection
	GlobalSection(ProjectConfigurationPlatforms) = postSolution
		{9E0BC6AF-6AB3-4482-85F7-3A0CEDBBED1A}.Debug|Any CPU.ActiveCfg = Debug|Any CPU
		{9E0BC6AF-6AB3-4482-85F7-3A0CEDBBED1A}.Debug|Any CPU.Build.0 = Debug|Any CPU
		{9E0BC6AF-6AB3-4482-85F7-3A0CEDBBED1A}.Release|Any CPU.ActiveCfg = Release|Any CPU
		{9E0BC6AF-6AB3-4482-85F7-3A0CEDBBED1A}.Release|Any CPU.Build.0 = Release|Any CPU
	EndGlobalSection
	GlobalSection(SolutionProperties) = preSolution
		HideSolutionNode = FALSE
	EndGlobalSection
	GlobalSection(ExtensibilityGlobals) = postSolution
		SolutionGuid = {CE6D5C90-7E4C-491A-8C11-6AE509A96486}
	EndGlobalSection
EndGlobal
